
Microsoft Visual Studio Solution File, Format Version 12.00
# Visual Studio Version 16
VisualStudioVersion = 16.0.30804.86
MinimumVisualStudioVersion = 10.0.40219.1
Project("{FAE04EC0-301F-11D3-BF4B-00C04F79EFBC}") = "MeasureConsole", "MeasureConsole\MeasureConsole.csproj", "{8AC38479-1C1A-46EA-91A0-DE37AAA7D6DD}"
EndProject
Project("{FAE04EC0-301F-11D3-BF4B-00C04F79EFBC}") = "MeasureSomething", "MeasureSomething\MeasureSomething.csproj", "{D54AD133-9C53-49DA-A98A-546BBD950909}"
EndProject
Global
	GlobalSection(SolutionConfigurationPlatforms) = preSolution
		Debug|Any CPU = Debug|Any CPU
		Release|Any CPU = Release|Any CPU
	EndGlobalSection
	GlobalSection(ProjectConfigurationPlatforms) = postSolution
		{8AC38479-1C1A-46EA-91A0-DE37AAA7D6DD}.Debug|Any CPU.ActiveCfg = Debug|Any CPU
		{8AC38479-1C1A-46EA-91A0-DE37AAA7D6DD}.Debug|Any CPU.Build.0 = Debug|Any CPU
		{8AC38479-1C1A-46EA-91A0-DE37AAA7D6DD}.Release|Any CPU.ActiveCfg = Release|Any CPU
		{8AC38479-1C1A-46EA-91A0-DE37AAA7D6DD}.Release|Any CPU.Build.0 = Release|Any CPU
		{D54AD133-9C53-49DA-A98A-546BBD950909}.Debug|Any CPU.ActiveCfg = Debug|Any CPU
		{D54AD133-9C53-49DA-A98A-546BBD950909}.Debug|Any CPU.Build.0 = Debug|Any CPU
		{D54AD133-9C53-49DA-A98A-546BBD950909}.Release|Any CPU.ActiveCfg = Release|Any CPU
		{D54AD133-9C53-49DA-A98A-546BBD950909}.Release|Any CPU.Build.0 = Release|Any CPU
	EndGlobalSection
	GlobalSection(SolutionProperties) = preSolution
		HideSolutionNode = FALSE
	EndGlobalSection
	GlobalSection(ExtensibilityGlobals) = postSolution
		SolutionGuid = {A17C65B9-4B9E-42D0-85EB-79D8EF8D30D4}
	EndGlobalSection
EndGlobal
